
Microsoft Visual Studio Solution File, Format Version 12.00
# Visual Studio 15
VisualStudioVersion = 15.0.27703.2035
MinimumVisualStudioVersion = 10.0.40219.1
Project("{FAE04EC0-301F-11D3-BF4B-00C04F79EFBC}") = "Authetication", "Authetication\Authetication.csproj", "{9E38D74F-462B-4793-9C53-03B24B72E27C}"
EndProject
Project("{FAE04EC0-301F-11D3-BF4B-00C04F79EFBC}") = "BL", "BL\BL.csproj", "{0375D301-F1EE-4E8C-97C4-7D4E4CB3C616}"
EndProject
Project("{FAE04EC0-301F-11D3-BF4B-00C04F79EFBC}") = "Identity", "Identity\Identity.csproj", "{5ADA9CFE-EE04-4FA3-A773-9534B53BCDEF}"
EndProject
Project("{FAE04EC0-301F-11D3-BF4B-00C04F79EFBC}") = "IdentityBL", "IetntityBL\IdentityBL.csproj", "{67F71736-6CCD-4461-B3DA-5177296A0F2F}"
EndProject
Project("{2150E333-8FDC-42A3-9474-1A3956D46DE8}") = "Authentication", "Authentication", "{35986F94-9DC2-40FC-926F-0989A532B3B9}"
EndProject
Project("{2150E333-8FDC-42A3-9474-1A3956D46DE8}") = "Identity", "Identity", "{6BE93DA9-3717-4868-8C13-4D70145BECFF}"
EndProject
Global
	GlobalSection(SolutionConfigurationPlatforms) = preSolution
		Debug|Any CPU = Debug|Any CPU
		Release|Any CPU = Release|Any CPU
	EndGlobalSection
	GlobalSection(ProjectConfigurationPlatforms) = postSolution
		{9E38D74F-462B-4793-9C53-03B24B72E27C}.Debug|Any CPU.ActiveCfg = Debug|Any CPU
		{9E38D74F-462B-4793-9C53-03B24B72E27C}.Debug|Any CPU.Build.0 = Debug|Any CPU
		{9E38D74F-462B-4793-9C53-03B24B72E27C}.Release|Any CPU.ActiveCfg = Release|Any CPU
		{9E38D74F-462B-4793-9C53-03B24B72E27C}.Release|Any CPU.Build.0 = Release|Any CPU
		{0375D301-F1EE-4E8C-97C4-7D4E4CB3C616}.Debug|Any CPU.ActiveCfg = Debug|Any CPU
		{0375D301-F1EE-4E8C-97C4-7D4E4CB3C616}.Debug|Any CPU.Build.0 = Debug|Any CPU
		{0375D301-F1EE-4E8C-97C4-7D4E4CB3C616}.Release|Any CPU.ActiveCfg = Release|Any CPU
		{0375D301-F1EE-4E8C-97C4-7D4E4CB3C616}.Release|Any CPU.Build.0 = Release|Any CPU
		{5ADA9CFE-EE04-4FA3-A773-9534B53BCDEF}.Debug|Any CPU.ActiveCfg = Debug|Any CPU
		{5ADA9CFE-EE04-4FA3-A773-9534B53BCDEF}.Debug|Any CPU.Build.0 = Debug|Any CPU
		{5ADA9CFE-EE04-4FA3-A773-9534B53BCDEF}.Release|Any CPU.ActiveCfg = Release|Any CPU
		{5ADA9CFE-EE04-4FA3-A773-9534B53BCDEF}.Release|Any CPU.Build.0 = Release|Any CPU
		{67F71736-6CCD-4461-B3DA-5177296A0F2F}.Debug|Any CPU.ActiveCfg = Debug|Any CPU
		{67F71736-6CCD-4461-B3DA-5177296A0F2F}.Debug|Any CPU.Build.0 = Debug|Any CPU
		{67F71736-6CCD-4461-B3DA-5177296A0F2F}.Release|Any CPU.ActiveCfg = Release|Any CPU
		{67F71736-6CCD-4461-B3DA-5177296A0F2F}.Release|Any CPU.Build.0 = Release|Any CPU
	EndGlobalSection
	GlobalSection(SolutionProperties) = preSolution
		HideSolutionNode = FALSE
	EndGlobalSection
	GlobalSection(NestedProjects) = preSolution
		{9E38D74F-462B-4793-9C53-03B24B72E27C} = {35986F94-9DC2-40FC-926F-0989A532B3B9}
		{0375D301-F1EE-4E8C-97C4-7D4E4CB3C616} = {35986F94-9DC2-40FC-926F-0989A532B3B9}
		{5ADA9CFE-EE04-4FA3-A773-9534B53BCDEF} = {6BE93DA9-3717-4868-8C13-4D70145BECFF}
		{67F71736-6CCD-4461-B3DA-5177296A0F2F} = {6BE93DA9-3717-4868-8C13-4D70145BECFF}
	EndGlobalSection
	GlobalSection(ExtensibilityGlobals) = postSolution
		SolutionGuid = {82BF4944-3686-41E5-A4F2-280E2D36AECF}
	EndGlobalSection
EndGlobal
